// !$*UTF8*$!
{
	archiveVersion = 1;
	classes = {
	};
	objectVersion = 46;
	objects = {

/* Begin PBXBuildFile section */
		544199C5559158178236F3DD /* Pods_JavaHub.framework in Frameworks */ = {isa = PBXBuildFile; fileRef = D52BACC525829340F17A1AC6 /* Pods_JavaHub.framework */; settings = {ATTRIBUTES = (Required, ); }; };
		836C6582D0AA512C1B1B4CC9 /* Pods_BlackCat.framework in Frameworks */ = {isa = PBXBuildFile; fileRef = 087B6DFFA1DA60BEB26CBC28 /* Pods_BlackCat.framework */; };
		BD64F1731E085C5E001317E9 /* ImageDownloadFrom.swift in Sources */ = {isa = PBXBuildFile; fileRef = BD64F1721E085C5E001317E9 /* ImageDownloadFrom.swift */; };
		BDC6746E1DFEEA430099C20F /* AppDelegate.swift in Sources */ = {isa = PBXBuildFile; fileRef = BDC674581DFEEA430099C20F /* AppDelegate.swift */; };
		BDC674711DFEEA430099C20F /* Assets.xcassets in Resources */ = {isa = PBXBuildFile; fileRef = BDC674591DFEEA430099C20F /* Assets.xcassets */; };
		BDC674741DFEEA430099C20F /* LaunchScreen.storyboard in Resources */ = {isa = PBXBuildFile; fileRef = BDC6745A1DFEEA430099C20F /* LaunchScreen.storyboard */; };
		BDC674771DFEEA430099C20F /* Main.storyboard in Resources */ = {isa = PBXBuildFile; fileRef = BDC6745C1DFEEA430099C20F /* Main.storyboard */; };
		BDC6747A1DFEEA430099C20F /* RepositoryCell.swift in Sources */ = {isa = PBXBuildFile; fileRef = BDC674601DFEEA430099C20F /* RepositoryCell.swift */; };
		BDC6747D1DFEEA430099C20F /* RepositoryViewController.swift in Sources */ = {isa = PBXBuildFile; fileRef = BDC674611DFEEA430099C20F /* RepositoryViewController.swift */; };
		BDC674801DFEEA430099C20F /* Repository.swift in Sources */ = {isa = PBXBuildFile; fileRef = BDC674631DFEEA430099C20F /* Repository.swift */; };
		BDC674831DFEEA430099C20F /* PullRequest.swift in Sources */ = {isa = PBXBuildFile; fileRef = BDC674641DFEEA430099C20F /* PullRequest.swift */; };
		BDC674861DFEEA430099C20F /* APIManager.swift in Sources */ = {isa = PBXBuildFile; fileRef = BDC674661DFEEA430099C20F /* APIManager.swift */; };
		BDC674891DFEEA430099C20F /* APIProvider.swift in Sources */ = {isa = PBXBuildFile; fileRef = BDC674671DFEEA430099C20F /* APIProvider.swift */; };
		BDC6748C1DFEEA430099C20F /* WebService.swift in Sources */ = {isa = PBXBuildFile; fileRef = BDC674681DFEEA430099C20F /* WebService.swift */; };
		BDC674AD1DFEEC7B0099C20F /* Default-568h@2x.png in Resources */ = {isa = PBXBuildFile; fileRef = BDC674AC1DFEEC7B0099C20F /* Default-568h@2x.png */; };
		BDC674B11DFEECA90099C20F /* PullRequestsCell.swift in Sources */ = {isa = PBXBuildFile; fileRef = BDC674AF1DFEECA90099C20F /* PullRequestsCell.swift */; };
		BDC674B21DFEECA90099C20F /* PullRequestsViewController.swift in Sources */ = {isa = PBXBuildFile; fileRef = BDC674B01DFEECA90099C20F /* PullRequestsViewController.swift */; };
		BDC674B71DFF0D4E0099C20F /* Info.plist in Resources */ = {isa = PBXBuildFile; fileRef = BDC674B61DFF0D4E0099C20F /* Info.plist */; };
/* End PBXBuildFile section */

/* Begin PBXFileReference section */
		087B6DFFA1DA60BEB26CBC28 /* Pods_BlackCat.framework */ = {isa = PBXFileReference; explicitFileType = wrapper.framework; includeInIndex = 0; path = Pods_BlackCat.framework; sourceTree = BUILT_PRODUCTS_DIR; };
		194E9D1A58AFE9838F0C167E /* Pods-JavaHubTests.release.xcconfig */ = {isa = PBXFileReference; includeInIndex = 1; lastKnownFileType = text.xcconfig; name = "Pods-JavaHubTests.release.xcconfig"; path = "Pods/Target Support Files/Pods-JavaHubTests/Pods-JavaHubTests.release.xcconfig"; sourceTree = "<group>"; };
		42C39BFCD65B5D6595CBB055 /* Pods-BlackCat.release.xcconfig */ = {isa = PBXFileReference; includeInIndex = 1; lastKnownFileType = text.xcconfig; name = "Pods-BlackCat.release.xcconfig"; path = "Pods/Target Support Files/Pods-BlackCat/Pods-BlackCat.release.xcconfig"; sourceTree = "<group>"; };
		57497BCA1A6A5D8F01684A88 /* Pods-JavaHubTests.debug.xcconfig */ = {isa = PBXFileReference; includeInIndex = 1; lastKnownFileType = text.xcconfig; name = "Pods-JavaHubTests.debug.xcconfig"; path = "Pods/Target Support Files/Pods-JavaHubTests/Pods-JavaHubTests.debug.xcconfig"; sourceTree = "<group>"; };
		58D17E8A4603E18755E2FF09 /* Pods_JavaHubUITests.framework */ = {isa = PBXFileReference; explicitFileType = wrapper.framework; includeInIndex = 0; path = Pods_JavaHubUITests.framework; sourceTree = BUILT_PRODUCTS_DIR; };
		73EE667C92681F3E364B75A1 /* Pods-BlackCat.debug.xcconfig */ = {isa = PBXFileReference; includeInIndex = 1; lastKnownFileType = text.xcconfig; name = "Pods-BlackCat.debug.xcconfig"; path = "Pods/Target Support Files/Pods-BlackCat/Pods-BlackCat.debug.xcconfig"; sourceTree = "<group>"; };
		7EB268527ADB8D01750C971B /* Pods-JavaHub.debug.xcconfig */ = {isa = PBXFileReference; includeInIndex = 1; lastKnownFileType = text.xcconfig; name = "Pods-JavaHub.debug.xcconfig"; path = "Pods/Target Support Files/Pods-JavaHub/Pods-JavaHub.debug.xcconfig"; sourceTree = "<group>"; };
		9447BCD9511DAB97F69D7D79 /* Pods-JavaHubUITests.debug.xcconfig */ = {isa = PBXFileReference; includeInIndex = 1; lastKnownFileType = text.xcconfig; name = "Pods-JavaHubUITests.debug.xcconfig"; path = "Pods/Target Support Files/Pods-JavaHubUITests/Pods-JavaHubUITests.debug.xcconfig"; sourceTree = "<group>"; };
		B940CC4068BA76506E4480EA /* Pods_JavaHubTests.framework */ = {isa = PBXFileReference; explicitFileType = wrapper.framework; includeInIndex = 0; path = Pods_JavaHubTests.framework; sourceTree = BUILT_PRODUCTS_DIR; };
		BD08EF961DF5C0B2006B0DB3 /* BlackCat.app */ = {isa = PBXFileReference; explicitFileType = wrapper.application; includeInIndex = 0; path = BlackCat.app; sourceTree = BUILT_PRODUCTS_DIR; };
		BD64F1721E085C5E001317E9 /* ImageDownloadFrom.swift */ = {isa = PBXFileReference; fileEncoding = 4; lastKnownFileType = sourcecode.swift; path = ImageDownloadFrom.swift; sourceTree = "<group>"; };
		BDC674581DFEEA430099C20F /* AppDelegate.swift */ = {isa = PBXFileReference; fileEncoding = 4; lastKnownFileType = sourcecode.swift; path = AppDelegate.swift; sourceTree = "<group>"; };
		BDC674591DFEEA430099C20F /* Assets.xcassets */ = {isa = PBXFileReference; lastKnownFileType = folder.assetcatalog; path = Assets.xcassets; sourceTree = "<group>"; };
		BDC6745B1DFEEA430099C20F /* Base */ = {isa = PBXFileReference; lastKnownFileType = file.storyboard; name = Base; path = Base.lproj/LaunchScreen.storyboard; sourceTree = "<group>"; };
		BDC6745D1DFEEA430099C20F /* Base */ = {isa = PBXFileReference; lastKnownFileType = file.storyboard; name = Base; path = Base.lproj/Main.storyboard; sourceTree = "<group>"; };
		BDC674601DFEEA430099C20F /* RepositoryCell.swift */ = {isa = PBXFileReference; fileEncoding = 4; lastKnownFileType = sourcecode.swift; path = RepositoryCell.swift; sourceTree = "<group>"; };
		BDC674611DFEEA430099C20F /* RepositoryViewController.swift */ = {isa = PBXFileReference; fileEncoding = 4; lastKnownFileType = sourcecode.swift; path = RepositoryViewController.swift; sourceTree = "<group>"; };
		BDC674631DFEEA430099C20F /* Repository.swift */ = {isa = PBXFileReference; fileEncoding = 4; lastKnownFileType = sourcecode.swift; path = Repository.swift; sourceTree = "<group>"; };
		BDC674641DFEEA430099C20F /* PullRequest.swift */ = {isa = PBXFileReference; fileEncoding = 4; lastKnownFileType = sourcecode.swift; path = PullRequest.swift; sourceTree = "<group>"; };
		BDC674661DFEEA430099C20F /* APIManager.swift */ = {isa = PBXFileReference; fileEncoding = 4; lastKnownFileType = sourcecode.swift; path = APIManager.swift; sourceTree = "<group>"; };
		BDC674671DFEEA430099C20F /* APIProvider.swift */ = {isa = PBXFileReference; fileEncoding = 4; lastKnownFileType = sourcecode.swift; path = APIProvider.swift; sourceTree = "<group>"; };
		BDC674681DFEEA430099C20F /* WebService.swift */ = {isa = PBXFileReference; fileEncoding = 4; lastKnownFileType = sourcecode.swift; path = WebService.swift; sourceTree = "<group>"; };
		BDC674AC1DFEEC7B0099C20F /* Default-568h@2x.png */ = {isa = PBXFileReference; lastKnownFileType = image.png; path = "Default-568h@2x.png"; sourceTree = "<group>"; };
		BDC674AF1DFEECA90099C20F /* PullRequestsCell.swift */ = {isa = PBXFileReference; fileEncoding = 4; lastKnownFileType = sourcecode.swift; path = PullRequestsCell.swift; sourceTree = "<group>"; };
		BDC674B01DFEECA90099C20F /* PullRequestsViewController.swift */ = {isa = PBXFileReference; fileEncoding = 4; lastKnownFileType = sourcecode.swift; path = PullRequestsViewController.swift; sourceTree = "<group>"; };
		BDC674B61DFF0D4E0099C20F /* Info.plist */ = {isa = PBXFileReference; fileEncoding = 4; lastKnownFileType = text.plist.xml; name = Info.plist; path = BlackCat/Info.plist; sourceTree = SOURCE_ROOT; };
		C0987E3EA8677CD90BA5EFD6 /* Pods-JavaHubUITests.release.xcconfig */ = {isa = PBXFileReference; includeInIndex = 1; lastKnownFileType = text.xcconfig; name = "Pods-JavaHubUITests.release.xcconfig"; path = "Pods/Target Support Files/Pods-JavaHubUITests/Pods-JavaHubUITests.release.xcconfig"; sourceTree = "<group>"; };
		D52BACC525829340F17A1AC6 /* Pods_JavaHub.framework */ = {isa = PBXFileReference; explicitFileType = wrapper.framework; includeInIndex = 0; path = Pods_JavaHub.framework; sourceTree = BUILT_PRODUCTS_DIR; };
		E39D3EC621D329EC5D548EE1 /* Pods-JavaHub.release.xcconfig */ = {isa = PBXFileReference; includeInIndex = 1; lastKnownFileType = text.xcconfig; name = "Pods-JavaHub.release.xcconfig"; path = "Pods/Target Support Files/Pods-JavaHub/Pods-JavaHub.release.xcconfig"; sourceTree = "<group>"; };
/* End PBXFileReference section */

/* Begin PBXFrameworksBuildPhase section */
		BD08EF931DF5C0B2006B0DB3 /* Frameworks */ = {
			isa = PBXFrameworksBuildPhase;
			buildActionMask = 2147483647;
			files = (
				544199C5559158178236F3DD /* Pods_JavaHub.framework in Frameworks */,
				836C6582D0AA512C1B1B4CC9 /* Pods_BlackCat.framework in Frameworks */,
			);
			runOnlyForDeploymentPostprocessing = 0;
		};
/* End PBXFrameworksBuildPhase section */

/* Begin PBXGroup section */
		BD08EF8D1DF5C0B2006B0DB3 = {
			isa = PBXGroup;
			children = (
				BDC674AC1DFEEC7B0099C20F /* Default-568h@2x.png */,
				BDC674571DFEEA430099C20F /* BlackCat */,
				EF9CB021C96B549925A14B21 /* Frameworks */,
				E722304AA9747B35F2997BAA /* Pods */,
				BD08EF971DF5C0B2006B0DB3 /* Products */,
			);
			sourceTree = "<group>";
		};
		BD08EF971DF5C0B2006B0DB3 /* Products */ = {
			isa = PBXGroup;
			children = (
				BD08EF961DF5C0B2006B0DB3 /* BlackCat.app */,
			);
			name = Products;
			sourceTree = "<group>";
		};
		BDC674571DFEEA430099C20F /* BlackCat */ = {
			isa = PBXGroup;
			children = (
				BDC674581DFEEA430099C20F /* AppDelegate.swift */,
				BDC674591DFEEA430099C20F /* Assets.xcassets */,
				BDC6745E1DFEEA430099C20F /* Features */,
				BDC6745C1DFEEA430099C20F /* Main.storyboard */,
				BDC674621DFEEA430099C20F /* Models */,
				BDC674651DFEEA430099C20F /* Network */,
				BDC6746C1DFEEA430099C20F /* SupportingFiles */,
			);
			path = BlackCat;
			sourceTree = "<group>";
		};
		BDC6745E1DFEEA430099C20F /* Features */ = {
			isa = PBXGroup;
			children = (
				BDC674AE1DFEECA90099C20F /* PullRequestsList */,
				BDC6745F1DFEEA430099C20F /* RepositoriesList */,
			);
			path = Features;
			sourceTree = "<group>";
		};
		BDC6745F1DFEEA430099C20F /* RepositoriesList */ = {
			isa = PBXGroup;
			children = (
				BDC674601DFEEA430099C20F /* RepositoryCell.swift */,
				BDC674611DFEEA430099C20F /* RepositoryViewController.swift */,
			);
			path = RepositoriesList;
			sourceTree = "<group>";
		};
		BDC674621DFEEA430099C20F /* Models */ = {
			isa = PBXGroup;
			children = (
				BD64F1721E085C5E001317E9 /* ImageDownloadFrom.swift */,
				BDC674631DFEEA430099C20F /* Repository.swift */,
				BDC674641DFEEA430099C20F /* PullRequest.swift */,
			);
			path = Models;
			sourceTree = "<group>";
		};
		BDC674651DFEEA430099C20F /* Network */ = {
			isa = PBXGroup;
			children = (
				BDC674661DFEEA430099C20F /* APIManager.swift */,
				BDC674671DFEEA430099C20F /* APIProvider.swift */,
				BDC674681DFEEA430099C20F /* WebService.swift */,
			);
			path = Network;
			sourceTree = "<group>";
		};
		BDC6746C1DFEEA430099C20F /* SupportingFiles */ = {
			isa = PBXGroup;
			children = (
				BDC674B61DFF0D4E0099C20F /* Info.plist */,
				BDC6745A1DFEEA430099C20F /* LaunchScreen.storyboard */,
			);
			path = SupportingFiles;
			sourceTree = "<group>";
		};
		BDC674AE1DFEECA90099C20F /* PullRequestsList */ = {
			isa = PBXGroup;
			children = (
				BDC674AF1DFEECA90099C20F /* PullRequestsCell.swift */,
				BDC674B01DFEECA90099C20F /* PullRequestsViewController.swift */,
			);
			path = PullRequestsList;
			sourceTree = "<group>";
		};
		E722304AA9747B35F2997BAA /* Pods */ = {
			isa = PBXGroup;
			children = (
				7EB268527ADB8D01750C971B /* Pods-JavaHub.debug.xcconfig */,
				E39D3EC621D329EC5D548EE1 /* Pods-JavaHub.release.xcconfig */,
				57497BCA1A6A5D8F01684A88 /* Pods-JavaHubTests.debug.xcconfig */,
				194E9D1A58AFE9838F0C167E /* Pods-JavaHubTests.release.xcconfig */,
				9447BCD9511DAB97F69D7D79 /* Pods-JavaHubUITests.debug.xcconfig */,
				C0987E3EA8677CD90BA5EFD6 /* Pods-JavaHubUITests.release.xcconfig */,
				73EE667C92681F3E364B75A1 /* Pods-BlackCat.debug.xcconfig */,
				42C39BFCD65B5D6595CBB055 /* Pods-BlackCat.release.xcconfig */,
			);
			name = Pods;
			sourceTree = "<group>";
		};
		EF9CB021C96B549925A14B21 /* Frameworks */ = {
			isa = PBXGroup;
			children = (
				D52BACC525829340F17A1AC6 /* Pods_JavaHub.framework */,
				B940CC4068BA76506E4480EA /* Pods_JavaHubTests.framework */,
				58D17E8A4603E18755E2FF09 /* Pods_JavaHubUITests.framework */,
				087B6DFFA1DA60BEB26CBC28 /* Pods_BlackCat.framework */,
			);
			name = Frameworks;
			sourceTree = "<group>";
		};
/* End PBXGroup section */

/* Begin PBXNativeTarget section */
		BD08EF951DF5C0B2006B0DB3 /* BlackCat */ = {
			isa = PBXNativeTarget;
			buildConfigurationList = BD08EFBE1DF5C0B2006B0DB3 /* Build configuration list for PBXNativeTarget "BlackCat" */;
			buildPhases = (
				4AA483AAFB4CC7615D9C1EF7 /* [CP] Check Pods Manifest.lock */,
				BD08EF921DF5C0B2006B0DB3 /* Sources */,
				BD08EF931DF5C0B2006B0DB3 /* Frameworks */,
				BD08EF941DF5C0B2006B0DB3 /* Resources */,
				E565C8B9904236D281903A40 /* [CP] Embed Pods Frameworks */,
				3DAB1EA330A1FEC167EFEC88 /* [CP] Copy Pods Resources */,
			);
			buildRules = (
			);
			dependencies = (
			);
			name = BlackCat;
			productName = JavaHub;
			productReference = BD08EF961DF5C0B2006B0DB3 /* BlackCat.app */;
			productType = "com.apple.product-type.application";
		};
/* End PBXNativeTarget section */

/* Begin PBXProject section */
		BD08EF8E1DF5C0B2006B0DB3 /* Project object */ = {
			isa = PBXProject;
			attributes = {
				LastSwiftUpdateCheck = 0810;
				LastUpgradeCheck = 0810;
				ORGANIZATIONNAME = "Marcos Contente";
				TargetAttributes = {
					BD08EF951DF5C0B2006B0DB3 = {
						CreatedOnToolsVersion = 8.1;
						DevelopmentTeam = JF4H7Z8C5S;
						LastSwiftMigration = 0810;
						ProvisioningStyle = Automatic;
					};
				};
			};
			buildConfigurationList = BD08EF911DF5C0B2006B0DB3 /* Build configuration list for PBXProject "BlackCat" */;
			compatibilityVersion = "Xcode 3.2";
			developmentRegion = English;
			hasScannedForEncodings = 0;
			knownRegions = (
				en,
				Base,
			);
			mainGroup = BD08EF8D1DF5C0B2006B0DB3;
			productRefGroup = BD08EF971DF5C0B2006B0DB3 /* Products */;
			projectDirPath = "";
			projectRoot = "";
			targets = (
				BD08EF951DF5C0B2006B0DB3 /* BlackCat */,
			);
		};
/* End PBXProject section */

/* Begin PBXResourcesBuildPhase section */
		BD08EF941DF5C0B2006B0DB3 /* Resources */ = {
			isa = PBXResourcesBuildPhase;
			buildActionMask = 2147483647;
			files = (
				BDC674771DFEEA430099C20F /* Main.storyboard in Resources */,
				BDC674711DFEEA430099C20F /* Assets.xcassets in Resources */,
				BDC674AD1DFEEC7B0099C20F /* Default-568h@2x.png in Resources */,
				BDC674B71DFF0D4E0099C20F /* Info.plist in Resources */,
				BDC674741DFEEA430099C20F /* LaunchScreen.storyboard in Resources */,
			);
			runOnlyForDeploymentPostprocessing = 0;
		};
/* End PBXResourcesBuildPhase section */

/* Begin PBXShellScriptBuildPhase section */
		3DAB1EA330A1FEC167EFEC88 /* [CP] Copy Pods Resources */ = {
			isa = PBXShellScriptBuildPhase;
			buildActionMask = 2147483647;
			files = (
			);
			inputPaths = (
			);
			name = "[CP] Copy Pods Resources";
			outputPaths = (
			);
			runOnlyForDeploymentPostprocessing = 0;
			shellPath = /bin/sh;
			shellScript = "\"${SRCROOT}/Pods/Target Support Files/Pods-BlackCat/Pods-BlackCat-resources.sh\"\n";
			showEnvVarsInLog = 0;
		};
		4AA483AAFB4CC7615D9C1EF7 /* [CP] Check Pods Manifest.lock */ = {
			isa = PBXShellScriptBuildPhase;
			buildActionMask = 2147483647;
			files = (
			);
			inputPaths = (
			);
			name = "[CP] Check Pods Manifest.lock";
			outputPaths = (
			);
			runOnlyForDeploymentPostprocessing = 0;
			shellPath = /bin/sh;
			shellScript = "diff \"${PODS_ROOT}/../Podfile.lock\" \"${PODS_ROOT}/Manifest.lock\" > /dev/null\nif [ $? != 0 ] ; then\n    # print error to STDERR\n    echo \"error: The sandbox is not in sync with the Podfile.lock. Run 'pod install' or update your CocoaPods installation.\" >&2\n    exit 1\nfi\n";
			showEnvVarsInLog = 0;
		};
		E565C8B9904236D281903A40 /* [CP] Embed Pods Frameworks */ = {
			isa = PBXShellScriptBuildPhase;
			buildActionMask = 2147483647;
			files = (
			);
			inputPaths = (
			);
			name = "[CP] Embed Pods Frameworks";
			outputPaths = (
			);
			runOnlyForDeploymentPostprocessing = 0;
			shellPath = /bin/sh;
			shellScript = "\"${SRCROOT}/Pods/Target Support Files/Pods-BlackCat/Pods-BlackCat-frameworks.sh\"\n";
			showEnvVarsInLog = 0;
		};
/* End PBXShellScriptBuildPhase section */

/* Begin PBXSourcesBuildPhase section */
		BD08EF921DF5C0B2006B0DB3 /* Sources */ = {
			isa = PBXSourcesBuildPhase;
			buildActionMask = 2147483647;
			files = (
				BDC674B11DFEECA90099C20F /* PullRequestsCell.swift in Sources */,
				BD64F1731E085C5E001317E9 /* ImageDownloadFrom.swift in Sources */,
				BDC674861DFEEA430099C20F /* APIManager.swift in Sources */,
				BDC6746E1DFEEA430099C20F /* AppDelegate.swift in Sources */,
				BDC674891DFEEA430099C20F /* APIProvider.swift in Sources */,
				BDC6747D1DFEEA430099C20F /* RepositoryViewController.swift in Sources */,
				BDC6748C1DFEEA430099C20F /* WebService.swift in Sources */,
				BDC6747A1DFEEA430099C20F /* RepositoryCell.swift in Sources */,
				BDC674831DFEEA430099C20F /* PullRequest.swift in Sources */,
				BDC674B21DFEECA90099C20F /* PullRequestsViewController.swift in Sources */,
				BDC674801DFEEA430099C20F /* Repository.swift in Sources */,
			);
			runOnlyForDeploymentPostprocessing = 0;
		};
/* End PBXSourcesBuildPhase section */

/* Begin PBXVariantGroup section */
		BDC6745A1DFEEA430099C20F /* LaunchScreen.storyboard */ = {
			isa = PBXVariantGroup;
			children = (
				BDC6745B1DFEEA430099C20F /* Base */,
			);
			name = LaunchScreen.storyboard;
			path = ..;
			sourceTree = "<group>";
		};
		BDC6745C1DFEEA430099C20F /* Main.storyboard */ = {
			isa = PBXVariantGroup;
			children = (
				BDC6745D1DFEEA430099C20F /* Base */,
			);
			name = Main.storyboard;
			sourceTree = "<group>";
		};
/* End PBXVariantGroup section */

/* Begin XCBuildConfiguration section */
		BD08EFBC1DF5C0B2006B0DB3 /* Debug */ = {
			isa = XCBuildConfiguration;
			buildSettings = {
				ALWAYS_SEARCH_USER_PATHS = NO;
				CLANG_ANALYZER_NONNULL = YES;
				CLANG_CXX_LANGUAGE_STANDARD = "gnu++0x";
				CLANG_CXX_LIBRARY = "libc++";
				CLANG_ENABLE_MODULES = YES;
				CLANG_ENABLE_OBJC_ARC = YES;
				CLANG_WARN_BOOL_CONVERSION = YES;
				CLANG_WARN_CONSTANT_CONVERSION = YES;
				CLANG_WARN_DIRECT_OBJC_ISA_USAGE = YES_ERROR;
				CLANG_WARN_DOCUMENTATION_COMMENTS = YES;
				CLANG_WARN_EMPTY_BODY = YES;
				CLANG_WARN_ENUM_CONVERSION = YES;
				CLANG_WARN_INFINITE_RECURSION = YES;
				CLANG_WARN_INT_CONVERSION = YES;
				CLANG_WARN_OBJC_ROOT_CLASS = YES_ERROR;
				CLANG_WARN_SUSPICIOUS_MOVE = YES;
				CLANG_WARN_SUSPICIOUS_MOVES = YES;
				CLANG_WARN_UNREACHABLE_CODE = YES;
				CLANG_WARN__DUPLICATE_METHOD_MATCH = YES;
				"CODE_SIGN_IDENTITY[sdk=iphoneos*]" = "iPhone Developer";
				COPY_PHASE_STRIP = NO;
				DEBUG_INFORMATION_FORMAT = dwarf;
				ENABLE_STRICT_OBJC_MSGSEND = YES;
				ENABLE_TESTABILITY = YES;
				GCC_C_LANGUAGE_STANDARD = gnu99;
				GCC_DYNAMIC_NO_PIC = NO;
				GCC_NO_COMMON_BLOCKS = YES;
				GCC_OPTIMIZATION_LEVEL = 0;
				GCC_PREPROCESSOR_DEFINITIONS = (
					"DEBUG=1",
					"$(inherited)",
				);
				GCC_WARN_64_TO_32_BIT_CONVERSION = YES;
				GCC_WARN_ABOUT_RETURN_TYPE = YES_ERROR;
				GCC_WARN_UNDECLARED_SELECTOR = YES;
				GCC_WARN_UNINITIALIZED_AUTOS = YES_AGGRESSIVE;
				GCC_WARN_UNUSED_FUNCTION = YES;
				GCC_WARN_UNUSED_VARIABLE = YES;
				IPHONEOS_DEPLOYMENT_TARGET = 9.3;
				MTL_ENABLE_DEBUG_INFO = YES;
				ONLY_ACTIVE_ARCH = YES;
				SDKROOT = iphoneos;
				SWIFT_ACTIVE_COMPILATION_CONDITIONS = DEBUG;
				SWIFT_OPTIMIZATION_LEVEL = "-Onone";
				TARGETED_DEVICE_FAMILY = "1,2";
			};
			name = Debug;
		};
		BD08EFBD1DF5C0B2006B0DB3 /* Release */ = {
			isa = XCBuildConfiguration;
			buildSettings = {
				ALWAYS_SEARCH_USER_PATHS = NO;
				CLANG_ANALYZER_NONNULL = YES;
				CLANG_CXX_LANGUAGE_STANDARD = "gnu++0x";
				CLANG_CXX_LIBRARY = "libc++";
				CLANG_ENABLE_MODULES = YES;
				CLANG_ENABLE_OBJC_ARC = YES;
				CLANG_WARN_BOOL_CONVERSION = YES;
				CLANG_WARN_CONSTANT_CONVERSION = YES;
				CLANG_WARN_DIRECT_OBJC_ISA_USAGE = YES_ERROR;
				CLANG_WARN_DOCUMENTATION_COMMENTS = YES;
				CLANG_WARN_EMPTY_BODY = YES;
				CLANG_WARN_ENUM_CONVERSION = YES;
				CLANG_WARN_INFINITE_RECURSION = YES;
				CLANG_WARN_INT_CONVERSION = YES;
				CLANG_WARN_OBJC_ROOT_CLASS = YES_ERROR;
				CLANG_WARN_SUSPICIOUS_MOVE = YES;
				CLANG_WARN_SUSPICIOUS_MOVES = YES;
				CLANG_WARN_UNREACHABLE_CODE = YES;
				CLANG_WARN__DUPLICATE_METHOD_MATCH = YES;
				"CODE_SIGN_IDENTITY[sdk=iphoneos*]" = "iPhone Developer";
				COPY_PHASE_STRIP = NO;
				DEBUG_INFORMATION_FORMAT = "dwarf-with-dsym";
				ENABLE_NS_ASSERTIONS = NO;
				ENABLE_STRICT_OBJC_MSGSEND = YES;
				GCC_C_LANGUAGE_STANDARD = gnu99;
				GCC_NO_COMMON_BLOCKS = YES;
				GCC_WARN_64_TO_32_BIT_CONVERSION = YES;
				GCC_WARN_ABOUT_RETURN_TYPE = YES_ERROR;
				GCC_WARN_UNDECLARED_SELECTOR = YES;
				GCC_WARN_UNINITIALIZED_AUTOS = YES_AGGRESSIVE;
				GCC_WARN_UNUSED_FUNCTION = YES;
				GCC_WARN_UNUSED_VARIABLE = YES;
				IPHONEOS_DEPLOYMENT_TARGET = 9.3;
				MTL_ENABLE_DEBUG_INFO = NO;
				SDKROOT = iphoneos;
				SWIFT_OPTIMIZATION_LEVEL = "-Owholemodule";
				TARGETED_DEVICE_FAMILY = "1,2";
				VALIDATE_PRODUCT = YES;
			};
			name = Release;
		};
		BD08EFBF1DF5C0B2006B0DB3 /* Debug */ = {
			isa = XCBuildConfiguration;
			baseConfigurationReference = 73EE667C92681F3E364B75A1 /* Pods-BlackCat.debug.xcconfig */;
			buildSettings = {
				ASSETCATALOG_COMPILER_APPICON_NAME = AppIcon;
				DEVELOPMENT_TEAM = JF4H7Z8C5S;
				INFOPLIST_FILE = BlackCat/Info.plist;
				LD_RUNPATH_SEARCH_PATHS = "$(inherited) @executable_path/Frameworks";
				PRODUCT_BUNDLE_IDENTIFIER = stoneyourmarcos.BlackCat;
				PRODUCT_NAME = "$(TARGET_NAME)";
				SWIFT_VERSION = 3.0;
			};
			name = Debug;
		};
		BD08EFC01DF5C0B2006B0DB3 /* Release */ = {
			isa = XCBuildConfiguration;
			baseConfigurationReference = 42C39BFCD65B5D6595CBB055 /* Pods-BlackCat.release.xcconfig */;
			buildSettings = {
				ASSETCATALOG_COMPILER_APPICON_NAME = AppIcon;
				DEVELOPMENT_TEAM = JF4H7Z8C5S;
				INFOPLIST_FILE = BlackCat/Info.plist;
				LD_RUNPATH_SEARCH_PATHS = "$(inherited) @executable_path/Frameworks";
				PRODUCT_BUNDLE_IDENTIFIER = stoneyourmarcos.BlackCat;
				PRODUCT_NAME = "$(TARGET_NAME)";
				SWIFT_VERSION = 3.0;
			};
			name = Release;
		};
/* End XCBuildConfiguration section */

/* Begin XCConfigurationList section */
		BD08EF911DF5C0B2006B0DB3 /* Build configuration list for PBXProject "BlackCat" */ = {
			isa = XCConfigurationList;
			buildConfigurations = (
				BD08EFBC1DF5C0B2006B0DB3 /* Debug */,
				BD08EFBD1DF5C0B2006B0DB3 /* Release */,
			);
			defaultConfigurationIsVisible = 0;
			defaultConfigurationName = Release;
		};
		BD08EFBE1DF5C0B2006B0DB3 /* Build configuration list for PBXNativeTarget "BlackCat" */ = {
			isa = XCConfigurationList;
			buildConfigurations = (
				BD08EFBF1DF5C0B2006B0DB3 /* Debug */,
				BD08EFC01DF5C0B2006B0DB3 /* Release */,
			);
			defaultConfigurationIsVisible = 0;
			defaultConfigurationName = Release;
		};
/* End XCConfigurationList section */
	};
	rootObject = BD08EF8E1DF5C0B2006B0DB3 /* Project object */;
}
